Microsoft Visual Studio Solution File, Format Version 12.00
# Visual Studio Version 17
VisualStudioVersion = 17.5.2.0
MinimumVisualStudioVersion = 10.0.40219.1
Project("{FAE04EC0-301F-11D3-BF4B-00C04F79EFBC}") = "JwtAuth", "JwtAuth.csproj", "{E5376EB6-7C15-1FB3-292F-BF2C4246ED08}"
EndProject
Global
	GlobalSection(SolutionConfigurationPlatforms) = preSolution
		Debug|Any CPU = Debug|Any CPU
		Release|Any CPU = Release|Any CPU
	EndGlobalSection
	GlobalSection(ProjectConfigurationPlatforms) = postSolution
		{E5376EB6-7C15-1FB3-292F-BF2C4246ED08}.Debug|Any CPU.ActiveCfg = Debug|Any CPU
		{E5376EB6-7C15-1FB3-292F-BF2C4246ED08}.Debug|Any CPU.Build.0 = Debug|Any CPU
		{E5376EB6-7C15-1FB3-292F-BF2C4246ED08}.Release|Any CPU.ActiveCfg = Release|Any CPU
		{E5376EB6-7C15-1FB3-292F-BF2C4246ED08}.Release|Any CPU.Build.0 = Release|Any CPU
	EndGlobalSection
	GlobalSection(SolutionProperties) = preSolution
		HideSolutionNode = FALSE
	EndGlobalSection
	GlobalSection(ExtensibilityGlobals) = postSolution
		SolutionGuid = {B26C2027-95F6-4CE9-B169-A597F940454E}
	EndGlobalSection
EndGlobal
